PODS:
  - AFNetworking (3.2.1):
    - AFNetworking/NSURLSession (= 3.2.1)
    - AFNetworking/Reachability (= 3.2.1)
    - AFNetworking/Security (= 3.2.1)
    - AFNetworking/Serialization (= 3.2.1)
    - AFNetworking/UIKit (= 3.2.1)
  - AFNetworking/NSURLSession (3.2.1):
    - AFNetworking/Reachability
    - AFNetworking/Security
    - AFNetworking/Serialization
  - AFNetworking/Reachability (3.2.1)
  - AFNetworking/Security (3.2.1)
  - AFNetworking/Serialization (3.2.1)
  - AFNetworking/UIKit (3.2.1):
    - AFNetworking/NSURLSession
  - BRPickerView (2.2.1)
  - DZNEmptyDataSet (1.8.1)
  - IQKeyboardManager (6.3.0)
  - JPVideoPlayer (3.1.1)
  - Masonry (1.1.0)
  - MBProgressHUD (1.1.0)
  - MJRefresh (3.1.16)
  - RFCircleCollectionViewFlowLayout (0.0.1)
  - SDCycleScrollView (1.80):
    - SDWebImage (>= 5.0.0)
  - SDWebImage (5.0.2):
    - SDWebImage/Core (= 5.0.2)
  - SDWebImage/Core (5.0.2)
  - WMPageController (2.5.2)
  - YYKit (1.0.9):
    - YYKit/no-arc (= 1.0.9)
  - YYKit/no-arc (1.0.9)

DEPENDENCIES:
  - AFNetworking
  - BRPickerView
  - DZNEmptyDataSet
  - IQKeyboardManager
  - JPVideoPlayer
  - Masonry
  - MBProgressHUD
  - MJRefresh
  - RFCircleCollectionViewFlowLayout
  - SDCycleScrollView
  - WMPageController
  - YYKit

SPEC REPOS:
  https://github.com/cocoapods/specs.git:
    - AFNetworking
    - BRPickerView
    - DZNEmptyDataSet
    - IQKeyboardManager
    - JPVideoPlayer
    - Masonry
    - MBProgressHUD
    - MJRefresh
    - RFCircleCollectionViewFlowLayout
    - SDCycleScrollView
    - SDWebImage
    - WMPageController
    - YYKit

SPEC CHECKSUMS:
  AFNetworking: b6f891fdfaed196b46c7a83cf209e09697b94057
  BRPickerView: 0590a8c5de9bd98c6b4e4f117a3dff6de287d5b2
  DZNEmptyDataSet: 9525833b9e68ac21c30253e1d3d7076cc828eaa7
  IQKeyboardManager: 2ca9d64893247556f53523dcd8d78641f0ba7c23
  JPVideoPlayer: 234c2fc5c9dfd67b969a5dd8233815eb872472c6
  Masonry: 678fab65091a9290e40e2832a55e7ab731aad201
  MBProgressHUD: e7baa36a220447d8aeb12769bf0585582f3866d9
  MJRefresh: 7798e16e53a5ef7f332dd05b27664db4e29530fd
  RFCircleCollectionViewFlowLayout: c38f8051e3ac45c99c087d2e5abe92f9158d60d0
  SDCycleScrollView: b3c9a5ed840c771c4938978174c7c9d9feefeb96
  SDWebImage: 6764b5fa0f73c203728052955dbefa2bf1f33282
  WMPageController: 0c7624d2b48e4f1ab92371688cf6744ed701575d
  YYKit: 7cda43304a8dc3696c449041e2cb3107b4e236e7

PODFILE CHECKSUM: 40e9bf98fc5bd897b7c8f1b94e1f030f83410a13

COCOAPODS: 1.6.1
